
Microsoft Visual Studio Solution File, Format Version 12.00
# Visual Studio Version 16
VisualStudioVersion = 16.0.30204.135
MinimumVisualStudioVersion = 10.0.40219.1
Project("{FAE04EC0-301F-11D3-BF4B-00C04F79EFBC}") = "VirtualRootTest", "VirtualRootTest\VirtualRootTest.csproj", "{CFDA2DBA-61D8-44A7-828A-6ADC804EC131}"
EndProject
Global
	GlobalSection(SolutionConfigurationPlatforms) = preSolution
		Debug|Any CPU = Debug|Any CPU
		Release|Any CPU = Release|Any CPU
	EndGlobalSection
	GlobalSection(ProjectConfigurationPlatforms) = postSolution
		{CFDA2DBA-61D8-44A7-828A-6ADC804EC131}.Debug|Any CPU.ActiveCfg = Debug|Any CPU
		{CFDA2DBA-61D8-44A7-828A-6ADC804EC131}.Debug|Any CPU.Build.0 = Debug|Any CPU
		{CFDA2DBA-61D8-44A7-828A-6ADC804EC131}.Release|Any CPU.ActiveCfg = Release|Any CPU
		{CFDA2DBA-61D8-44A7-828A-6ADC804EC131}.Release|Any CPU.Build.0 = Release|Any CPU
	EndGlobalSection
	GlobalSection(SolutionProperties) = preSolution
		HideSolutionNode = FALSE
	EndGlobalSection
	GlobalSection(ExtensibilityGlobals) = postSolution
		SolutionGuid = {DC03301E-B498-4AA9-84FF-94F74F1F950E}
	EndGlobalSection
EndGlobal
